
Microsoft Visual Studio Solution File, Format Version 12.00
# Visual Studio Version 17
VisualStudioVersion = 17.1.32319.34
MinimumVisualStudioVersion = 10.0.40219.1
Project("{2150E333-8FDC-42A3-9474-1A3956D46DE8}") = "src", "src", "{01B43168-6832-4AE2-B046-7F8143C5FC23}"
EndProject
Project("{9A19103F-16F7-4668-BE54-9A1E7A4F7556}") = "Domain", "Domain\Domain.csproj", "{7B58F5D3-5BC3-4685-8938-A05E8AEB1E05}"
EndProject
Project("{9A19103F-16F7-4668-BE54-9A1E7A4F7556}") = "Application", "Application\Application.csproj", "{BF007365-F48C-441F-98EC-0F01917961DF}"
EndProject
Project("{9A19103F-16F7-4668-BE54-9A1E7A4F7556}") = "Infrastructure", "Infrastructure\Infrastructure.csproj", "{9EFE1E77-FC14-4564-B181-340DDC6BA301}"
EndProject
Project("{9A19103F-16F7-4668-BE54-9A1E7A4F7556}") = "Query", "Query\Query.csproj", "{E4505C9F-79EF-414F-BE41-28809A9B3224}"
EndProject
Project("{9A19103F-16F7-4668-BE54-9A1E7A4F7556}") = "Facade", "Facade\Facade.csproj", "{0F3EFC88-DA84-49AE-98B6-5EE853D76472}"
EndProject
Project("{9A19103F-16F7-4668-BE54-9A1E7A4F7556}") = "Config", "Config\Config.csproj", "{9795EE8A-29C0-4848-AFFF-8FF6B45DA393}"
EndProject
Project("{2150E333-8FDC-42A3-9474-1A3956D46DE8}") = "EndPoint", "EndPoint", "{FE9F28DD-DBD1-44C8-98A6-1E5890593340}"
EndProject
Project("{FAE04EC0-301F-11D3-BF4B-00C04F79EFBC}") = "ClinicManagementApi", "ClinicManagementApi\ClinicManagementApi.csproj", "{C4A56684-7CA4-4617-9D81-8793FD5CE3EF}"
EndProject
Global
	GlobalSection(SolutionConfigurationPlatforms) = preSolution
		Debug|Any CPU = Debug|Any CPU
		Release|Any CPU = Release|Any CPU
	EndGlobalSection
	GlobalSection(ProjectConfigurationPlatforms) = postSolution
		{7B58F5D3-5BC3-4685-8938-A05E8AEB1E05}.Debug|Any CPU.ActiveCfg = Debug|Any CPU
		{7B58F5D3-5BC3-4685-8938-A05E8AEB1E05}.Debug|Any CPU.Build.0 = Debug|Any CPU
		{7B58F5D3-5BC3-4685-8938-A05E8AEB1E05}.Release|Any CPU.ActiveCfg = Release|Any CPU
		{7B58F5D3-5BC3-4685-8938-A05E8AEB1E05}.Release|Any CPU.Build.0 = Release|Any CPU
		{BF007365-F48C-441F-98EC-0F01917961DF}.Debug|Any CPU.ActiveCfg = Debug|Any CPU
		{BF007365-F48C-441F-98EC-0F01917961DF}.Debug|Any CPU.Build.0 = Debug|Any CPU
		{BF007365-F48C-441F-98EC-0F01917961DF}.Release|Any CPU.ActiveCfg = Release|Any CPU
		{BF007365-F48C-441F-98EC-0F01917961DF}.Release|Any CPU.Build.0 = Release|Any CPU
		{9EFE1E77-FC14-4564-B181-340DDC6BA301}.Debug|Any CPU.ActiveCfg = Debug|Any CPU
		{9EFE1E77-FC14-4564-B181-340DDC6BA301}.Debug|Any CPU.Build.0 = Debug|Any CPU
		{9EFE1E77-FC14-4564-B181-340DDC6BA301}.Release|Any CPU.ActiveCfg = Release|Any CPU
		{9EFE1E77-FC14-4564-B181-340DDC6BA301}.Release|Any CPU.Build.0 = Release|Any CPU
		{E4505C9F-79EF-414F-BE41-28809A9B3224}.Debug|Any CPU.ActiveCfg = Debug|Any CPU
		{E4505C9F-79EF-414F-BE41-28809A9B3224}.Debug|Any CPU.Build.0 = Debug|Any CPU
		{E4505C9F-79EF-414F-BE41-28809A9B3224}.Release|Any CPU.ActiveCfg = Release|Any CPU
		{E4505C9F-79EF-414F-BE41-28809A9B3224}.Release|Any CPU.Build.0 = Release|Any CPU
		{0F3EFC88-DA84-49AE-98B6-5EE853D76472}.Debug|Any CPU.ActiveCfg = Debug|Any CPU
		{0F3EFC88-DA84-49AE-98B6-5EE853D76472}.Debug|Any CPU.Build.0 = Debug|Any CPU
		{0F3EFC88-DA84-49AE-98B6-5EE853D76472}.Release|Any CPU.ActiveCfg = Release|Any CPU
		{0F3EFC88-DA84-49AE-98B6-5EE853D76472}.Release|Any CPU.Build.0 = Release|Any CPU
		{9795EE8A-29C0-4848-AFFF-8FF6B45DA393}.Debug|Any CPU.ActiveCfg = Debug|Any CPU
		{9795EE8A-29C0-4848-AFFF-8FF6B45DA393}.Debug|Any CPU.Build.0 = Debug|Any CPU
		{9795EE8A-29C0-4848-AFFF-8FF6B45DA393}.Release|Any CPU.ActiveCfg = Release|Any CPU
		{9795EE8A-29C0-4848-AFFF-8FF6B45DA393}.Release|Any CPU.Build.0 = Release|Any CPU
		{C4A56684-7CA4-4617-9D81-8793FD5CE3EF}.Debug|Any CPU.ActiveCfg = Debug|Any CPU
		{C4A56684-7CA4-4617-9D81-8793FD5CE3EF}.Debug|Any CPU.Build.0 = Debug|Any CPU
		{C4A56684-7CA4-4617-9D81-8793FD5CE3EF}.Release|Any CPU.ActiveCfg = Release|Any CPU
		{C4A56684-7CA4-4617-9D81-8793FD5CE3EF}.Release|Any CPU.Build.0 = Release|Any CPU
	EndGlobalSection
	GlobalSection(SolutionProperties) = preSolution
		HideSolutionNode = FALSE
	EndGlobalSection
	GlobalSection(NestedProjects) = preSolution
		{7B58F5D3-5BC3-4685-8938-A05E8AEB1E05} = {01B43168-6832-4AE2-B046-7F8143C5FC23}
		{BF007365-F48C-441F-98EC-0F01917961DF} = {01B43168-6832-4AE2-B046-7F8143C5FC23}
		{9EFE1E77-FC14-4564-B181-340DDC6BA301} = {01B43168-6832-4AE2-B046-7F8143C5FC23}
		{E4505C9F-79EF-414F-BE41-28809A9B3224} = {01B43168-6832-4AE2-B046-7F8143C5FC23}
		{0F3EFC88-DA84-49AE-98B6-5EE853D76472} = {01B43168-6832-4AE2-B046-7F8143C5FC23}
		{9795EE8A-29C0-4848-AFFF-8FF6B45DA393} = {01B43168-6832-4AE2-B046-7F8143C5FC23}
		{FE9F28DD-DBD1-44C8-98A6-1E5890593340} = {01B43168-6832-4AE2-B046-7F8143C5FC23}
		{C4A56684-7CA4-4617-9D81-8793FD5CE3EF} = {FE9F28DD-DBD1-44C8-98A6-1E5890593340}
	EndGlobalSection
	GlobalSection(ExtensibilityGlobals) = postSolution
		SolutionGuid = {5FFC258D-1C86-4C95-B97C-BABB40085F63}
	EndGlobalSection
EndGlobal
